# This file is automatically @generated by Poetry 1.5.1 and should not be changed by hand.

[[package]]
name = "async-timeout"
version = "4.0.3"
description = "Timeout context manager for asyncio programs"
optional = false
python-versions = ">=3.7"
files = [
    {file = "async-timeout-4.0.3.tar.gz", hash = "sha256:4640d96be84d82d02ed59ea2b7105a0f7b33abe8703703cd0ab0bf87c427522f"},
    {file = "async_timeout-4.0.3-py3-none-any.whl", hash = "sha256:7405140ff1230c310e51dc27b3145b9092d659ce68ff733fb0cefe3ee42be028"},
]

[[package]]
name = "casefy"
version = "0.1.7"
description = "Utilities for string case conversion."
optional = false
python-versions = ">=3.6"
files = [
    {file = "casefy-0.1.7-py3-none-any.whl", hash = "sha256:ab05ff1c67f2a8e62d9f8986fa9a849416d61ac5413ec57d1f827b4f36589cf6"},
    {file = "casefy-0.1.7.tar.gz", hash = "sha256:6accce985a64b9edb2a610a29ac489d78fac80e52ff8f2d137e294f2f92b8027"},
]

[[package]]
name = "dacite"
version = "1.8.1"
description = "Simple creation of data classes from dictionaries."
optional = false
python-versions = ">=3.6"
files = [
    {file = "dacite-1.8.1-py3-none-any.whl", hash = "sha256:cc31ad6fdea1f49962ea42db9421772afe01ac5442380d9a99fcf3d188c61afe"},
]

[package.extras]
dev = ["black", "coveralls", "mypy", "pre-commit", "pylint", "pytest (>=5)", "pytest-benchmark", "pytest-cov"]

[[package]]
name = "dataclasses-avroschema"
version = "0.56.2"
description = "Generate Avro Schemas from Python classes. Serialize/Deserialize python instances with avro schemas"
optional = false
python-versions = "^3.8"
files = []
develop = true

[package.dependencies]
casefy = "^0.1.7"
dacite = "^1.8.0"
fastavro = "^1.7.3"
inflector = "^3.1.1"
typing-extensions = "^4.2.0"

[package.extras]
faker = ["faker (>=18.3.1,<24.0.0)"]
faust = ["faust-streaming (>=0.10.11,<0.11.0)"]
pydantic = ["pydantic[email] (>=2.4.2,<3.0.0)"]

[package.source]
type = "directory"
url = "../../.."

[[package]]
name = "fastavro"
version = "1.9.3"
description = "Fast read/write of AVRO files"
optional = false
python-versions = ">=3.8"
files = [
    {file = "fastavro-1.9.3-cp310-cp310-macosx_11_0_x86_64.whl", hash = "sha256:5e9b2e1427fb84c0754bc34923d10cabcf2ed23230201208a1371ab7b6027674"},
    {file = "fastavro-1.9.3-cp310-cp310-manylinux_2_17_aarch64.manylinux2014_aarch64.whl", hash = "sha256:c4ef82f86ae276309abc0072598474b6be68105a0b28f8d7cc0398d1d353d7de"},
    {file = "fastavro-1.9.3-cp310-cp310-manylinux_2_17_x86_64.manylinux2014_x86_64.whl", hash = "sha256:280ef7ab7232ecb2097038d6842416ec717d0e1c314b80ff245f85201f3396a4"},
    {file = "fastavro-1.9.3-cp310-cp310-musllinux_1_1_aarch64.whl", hash = "sha256:4a36cfc0421ed7576ecb1c22de7bd1dedcce62aebbffcc597379d59171e5d76e"},
    {file = "fastavro-1.9.3-cp310-cp310-musllinux_1_1_x86_64.whl", hash = "sha256:d80f2e20199140eb8c036b4393e9bc9eff325543311b958c72318999499d4279"},
    {file = "fastavro-1.9.3-cp310-cp310-win_amd64.whl", hash = "sha256:a435f7edd7c5b52cee3f23ca950cd9373ab35cf2aa3d269b3d6aca7e2fc1372c"},
    {file = "fastavro-1.9.3-cp311-cp311-macosx_10_9_universal2.whl", hash = "sha256:2a7053ed10194ec53754f5337b57b3273a74b48505edcd6edb79fe3c4cd259c0"},
    {file = "fastavro-1.9.3-cp311-cp311-manylinux_2_17_aarch64.manylinux2014_aarch64.whl", hash = "sha256:853e01f13534d1baa0a3d493a8573e665e93ffa35b4bf1d125e21764d343af8e"},
    {file = "fastavro-1.9.3-cp311-cp311-manylinux_2_17_x86_64.manylinux2014_x86_64.whl", hash = "sha256:a5a279cda25d876e6f120950cadf184a307fd8998f9a22a90bb62e6749f88d1e"},
    {file = "fastavro-1.9.3-cp311-cp311-musllinux_1_1_aarch64.whl", hash = "sha256:63d6f928840f3fb1f2e1fe20bc8b7d0e1a51ba4bb0e554ecb837a669fba31288"},
    {file = "fastavro-1.9.3-cp311-cp311-musllinux_1_1_x86_64.whl", hash = "sha256:8807046edc78f50b3ea5f55f6a534c87b2a13538e7c56fec3532ef802bcae333"},
    {file = "fastavro-1.9.3-cp311-cp311-win_amd64.whl", hash = "sha256:e502579da4a51c5630eadbd811a1b3d262d6e783bf19998cfb33d2ea0cf6f516"},
    {file = "fastavro-1.9.3-cp312-cp312-macosx_10_9_universal2.whl", hash = "sha256:6b665efe442061df8d9608c2fb692847df85d52ad825b776c441802f0dfa6571"},
    {file = "fastavro-1.9.3-cp312-cp312-manylinux_2_17_aarch64.manylinux2014_aarch64.whl", hash = "sha256:5b8c96d81f0115633489d7f1133a03832922629a61ca81c1d47b482ddcda3b94"},
    {file = "fastavro-1.9.3-cp312-cp312-manylinux_2_17_x86_64.manylinux2014_x86_64.whl", hash = "sha256:338c7ec94dd2474c4679e44d2560a1922cb6fa99acbb7b18957264baf8eadfc7"},
    {file = "fastavro-1.9.3-cp312-cp312-musllinux_1_1_aarch64.whl", hash = "sha256:a509b34c9af71a109c633631ac2f6d2209830e13200d0048f7e9c057fd563f8f"},
    {file = "fastavro-1.9.3-cp312-cp312-musllinux_1_1_x86_64.whl", hash = "sha256:967edefab470987c024cd5a1fcd04744a50a91e740c7bdf325181043a47f1083"},
    {file = "fastavro-1.9.3-cp312-cp312-win_amd64.whl", hash = "sha256:033c15e8ed02f80f01d58be1cd880b09fd444faf277263d563a727711d47a98a"},
    {file = "fastavro-1.9.3-cp38-cp38-macosx_11_0_x86_64.whl", hash = "sha256:6b38723327603d77080aec56628e13a739415f8596ca0cc41a905615977c6d6b"},
    {file = "fastavro-1.9.3-cp38-cp38-manylinux_2_17_aarch64.manylinux2014_aarch64.whl", hash = "sha256:046d75c4400941fd08f0a6855a34ae63bf02ea01f366b5b749942abe10640056"},
    {file = "fastavro-1.9.3-cp38-cp38-manylinux_2_17_x86_64.manylinux2014_x86_64.whl", hash = "sha256:87ab312b8baf0e61ee717878d390022ee1b713d70b244d69efbf3325680f9749"},
    {file = "fastavro-1.9.3-cp38-cp38-musllinux_1_1_aarch64.whl", hash = "sha256:c562fcf8f5091a2446aafd0c2a0da590c24e0b53527a0100d33908e32f20eea8"},
    {file = "fastavro-1.9.3-cp38-cp38-musllinux_1_1_x86_64.whl", hash = "sha256:2aa0111e7ebd076d2a094862bbdf8ea175cebba148fcce6c89ff46b625e334b4"},
    {file = "fastavro-1.9.3-cp38-cp38-win_amd64.whl", hash = "sha256:652072e0f455ca19a1ee502b527e603389783657c130d81f89df66775979d6f5"},
    {file = "fastavro-1.9.3-cp39-cp39-macosx_11_0_x86_64.whl", hash = "sha256:0a57cdd4edaee36d4216faf801ebc7f53f45e4e1518bdd9832d6f6f1d6e2d88f"},
    {file = "fastavro-1.9.3-cp39-cp39-manylinux_2_17_aarch64.manylinux2014_aarch64.whl", hash = "sha256:8b46a18ebed61573b0823c28eda2716485d283258a83659c7fe6ad3aaeacfed4"},
    {file = "fastavro-1.9.3-cp39-cp39-manylinux_2_17_x86_64.manylinux2014_x86_64.whl", hash = "sha256:5f756f0723f3bd97db20437d0a8e45712839e6ccd7c82f4d82469533be48b4c7"},
    {file = "fastavro-1.9.3-cp39-cp39-musllinux_1_1_aarch64.whl", hash = "sha256:d98d5a08063f5b6d7ac5016a0dfe0698b50d9987cb74686f7dfa8288b7b09e0b"},
    {file = "fastavro-1.9.3-cp39-cp39-musllinux_1_1_x86_64.whl", hash = "sha256:00698e60db58a2d52cb709df882d451fb7664ebb2f8cb37d9171697e060dc767"},
    {file = "fastavro-1.9.3-cp39-cp39-win_amd64.whl", hash = "sha256:d021bbc135023194688e88a7431fb0b5e3ce20e27153bf258f2ce08ee1a0106b"},
    {file = "fastavro-1.9.3.tar.gz", hash = "sha256:a30d3d2353f6d3b4f6dcd6a97ae937b3775faddd63f5856fe11ba3b0dbb1756a"},
]

[package.extras]
codecs = ["cramjam", "lz4", "zstandard"]
lz4 = ["lz4"]
snappy = ["cramjam"]
zstandard = ["zstandard"]

[[package]]
name = "inflector"
version = "3.1.1"
description = "Inflector for Python"
optional = false
python-versions = "*"
files = [
    {file = "Inflector-3.1.1-py3-none-any.whl", hash = "sha256:b158010b9c400382a9792dcaa05a02c198b27d17fb52a23262e8226c91b13c97"},
    {file = "Inflector-3.1.1.tar.gz", hash = "sha256:1835ccc74ea8b5bea93cee9f7802b5cbbaaa937e268a197a937394aa47dee6d5"},
]

[[package]]
name = "redis"
version = "5.0.1"
description = "Python client for Redis database and key-value store"
optional = false
python-versions = ">=3.7"
files = [
    {file = "redis-5.0.1-py3-none-any.whl", hash = "sha256:ed4802971884ae19d640775ba3b03aa2e7bd5e8fb8dfaed2decce4d0fc48391f"},
    {file = "redis-5.0.1.tar.gz", hash = "sha256:0dab495cd5753069d3bc650a0dde8a8f9edde16fc5691b689a566eda58100d0f"},
]

[package.dependencies]
async-timeout = {version = ">=4.0.2", markers = "python_full_version <= \"3.11.2\""}

[package.extras]
hiredis = ["hiredis (>=1.0.0)"]
ocsp = ["cryptography (>=36.0.1)", "pyopenssl (==20.0.1)", "requests (>=2.26.0)"]

[[package]]
name = "typing-extensions"
version = "4.9.0"
description = "Backported and Experimental Type Hints for Python 3.8+"
optional = false
python-versions = ">=3.8"
files = [
    {file = "typing_extensions-4.9.0-py3-none-any.whl", hash = "sha256:af72aea155e91adfc61c3ae9e0e342dbc0cba726d6cba4b6c72c1f34e47291cd"},
    {file = "typing_extensions-4.9.0.tar.gz", hash = "sha256:23478f88c37f27d76ac8aee6c905017a143b0b1b886c3c9f66bc2fd94f9f5783"},
]

[[package]]
name = "walrus"
version = "0.9.3"
description = "walrus"
optional = false
python-versions = "*"
files = [
    {file = "walrus-0.9.3.tar.gz", hash = "sha256:93a6559b9978ca8429939fb066b3bf944452b5926ae53d1a19f94319c0fdd40b"},
]

[package.dependencies]
redis = ">=3.0.0"

[metadata]
lock-version = "2.0"
python-versions = "^3.8"
content-hash = "587b46f21aee500dc164d3d080bb9923075eef432f9da1b5f2d46119ae85f651"
